
Microsoft Visual Studio Solution File, Format Version 11.00
# Visual C# Express 2010
Project("{FAE04EC0-301F-11D3-BF4B-00C04F79EFBC}") = "napkin.systems.gadgeteer.cerb1-rock1", "napkin.systems.gadgeteer.cerb1-rock1.csproj", "{FA889893-0F01-4E05-8A7B-A7F724CBA37E}"
EndProject
Project("{FAE04EC0-301F-11D3-BF4B-00C04F79EFBC}") = "napkin.devices.serial.common", "..\..\..\libraries\devices\napkin.devices.serial.common\napkin.devices.serial.common.csproj", "{DD9E17B2-9F7F-4BD4-87C9-B8CE5BDBBFB1}"
EndProject
Global
	GlobalSection(SolutionConfigurationPlatforms) = preSolution
		Debug|Any CPU = Debug|Any CPU
		Release|Any CPU = Release|Any CPU
	EndGlobalSection
	GlobalSection(ProjectConfigurationPlatforms) = postSolution
		{FA889893-0F01-4E05-8A7B-A7F724CBA37E}.Debug|Any CPU.ActiveCfg = Debug|Any CPU
		{FA889893-0F01-4E05-8A7B-A7F724CBA37E}.Debug|Any CPU.Build.0 = Debug|Any CPU
		{FA889893-0F01-4E05-8A7B-A7F724CBA37E}.Debug|Any CPU.Deploy.0 = Debug|Any CPU
		{FA889893-0F01-4E05-8A7B-A7F724CBA37E}.Release|Any CPU.ActiveCfg = Release|Any CPU
		{FA889893-0F01-4E05-8A7B-A7F724CBA37E}.Release|Any CPU.Build.0 = Release|Any CPU
		{FA889893-0F01-4E05-8A7B-A7F724CBA37E}.Release|Any CPU.Deploy.0 = Release|Any CPU
		{DD9E17B2-9F7F-4BD4-87C9-B8CE5BDBBFB1}.Debug|Any CPU.ActiveCfg = Debug|Any CPU
		{DD9E17B2-9F7F-4BD4-87C9-B8CE5BDBBFB1}.Debug|Any CPU.Build.0 = Debug|Any CPU
		{DD9E17B2-9F7F-4BD4-87C9-B8CE5BDBBFB1}.Release|Any CPU.ActiveCfg = Release|Any CPU
		{DD9E17B2-9F7F-4BD4-87C9-B8CE5BDBBFB1}.Release|Any CPU.Build.0 = Release|Any CPU
	EndGlobalSection
	GlobalSection(SolutionProperties) = preSolution
		HideSolutionNode = FALSE
	EndGlobalSection
EndGlobal
