
Microsoft Visual Studio Solution File, Format Version 11.00
# Visual C# Express 2010
Project("{FAE04EC0-301F-11D3-BF4B-00C04F79EFBC}") = "ndp1", "ndp1\ndp1.csproj", "{C77D85E6-A87E-4B22-9669-AF3650945C5F}"
EndProject
Project("{FAE04EC0-301F-11D3-BF4B-00C04F79EFBC}") = "NapkinCommon", "..\..\Napkin-NetMF-Common\NapkinCommon\NapkinCommon\NapkinCommon.csproj", "{A051E60E-D7AC-4350-8199-92722001B579}"
EndProject
Global
	GlobalSection(SolutionConfigurationPlatforms) = preSolution
		Debug|Any CPU = Debug|Any CPU
		Release|Any CPU = Release|Any CPU
	EndGlobalSection
	GlobalSection(ProjectConfigurationPlatforms) = postSolution
		{C77D85E6-A87E-4B22-9669-AF3650945C5F}.Debug|Any CPU.ActiveCfg = Debug|Any CPU
		{C77D85E6-A87E-4B22-9669-AF3650945C5F}.Debug|Any CPU.Build.0 = Debug|Any CPU
		{C77D85E6-A87E-4B22-9669-AF3650945C5F}.Debug|Any CPU.Deploy.0 = Debug|Any CPU
		{C77D85E6-A87E-4B22-9669-AF3650945C5F}.Release|Any CPU.ActiveCfg = Release|Any CPU
		{C77D85E6-A87E-4B22-9669-AF3650945C5F}.Release|Any CPU.Build.0 = Release|Any CPU
		{C77D85E6-A87E-4B22-9669-AF3650945C5F}.Release|Any CPU.Deploy.0 = Release|Any CPU
		{A051E60E-D7AC-4350-8199-92722001B579}.Debug|Any CPU.ActiveCfg = Debug|Any CPU
		{A051E60E-D7AC-4350-8199-92722001B579}.Debug|Any CPU.Build.0 = Debug|Any CPU
		{A051E60E-D7AC-4350-8199-92722001B579}.Release|Any CPU.ActiveCfg = Release|Any CPU
		{A051E60E-D7AC-4350-8199-92722001B579}.Release|Any CPU.Build.0 = Release|Any CPU
	EndGlobalSection
	GlobalSection(SolutionProperties) = preSolution
		HideSolutionNode = FALSE
	EndGlobalSection
EndGlobal
