
Microsoft Visual Studio Solution File, Format Version 11.00
# Visual C# Express 2010
Project("{FAE04EC0-301F-11D3-BF4B-00C04F79EFBC}") = "napkin.systems.netduino.ndp1", "napkin.systems.netduino.ndp1.csproj", "{5CB9199D-DB8B-42F9-95BF-145DB591356A}"
EndProject
Project("{FAE04EC0-301F-11D3-BF4B-00C04F79EFBC}") = "napkin.devices.serial.SerLCD", "..\..\..\libraries\devices\napkin.devices.serial.SerLCD\napkin.devices.serial.SerLCD.csproj", "{43599BA8-CBA4-4FA8-B7C3-B12753F5AEA2}"
EndProject
Global
	GlobalSection(SolutionConfigurationPlatforms) = preSolution
		Debug|Any CPU = Debug|Any CPU
		Release|Any CPU = Release|Any CPU
	EndGlobalSection
	GlobalSection(ProjectConfigurationPlatforms) = postSolution
		{5CB9199D-DB8B-42F9-95BF-145DB591356A}.Debug|Any CPU.ActiveCfg = Debug|Any CPU
		{5CB9199D-DB8B-42F9-95BF-145DB591356A}.Debug|Any CPU.Build.0 = Debug|Any CPU
		{5CB9199D-DB8B-42F9-95BF-145DB591356A}.Debug|Any CPU.Deploy.0 = Debug|Any CPU
		{5CB9199D-DB8B-42F9-95BF-145DB591356A}.Release|Any CPU.ActiveCfg = Release|Any CPU
		{5CB9199D-DB8B-42F9-95BF-145DB591356A}.Release|Any CPU.Build.0 = Release|Any CPU
		{5CB9199D-DB8B-42F9-95BF-145DB591356A}.Release|Any CPU.Deploy.0 = Release|Any CPU
		{43599BA8-CBA4-4FA8-B7C3-B12753F5AEA2}.Debug|Any CPU.ActiveCfg = Debug|Any CPU
		{43599BA8-CBA4-4FA8-B7C3-B12753F5AEA2}.Debug|Any CPU.Build.0 = Debug|Any CPU
		{43599BA8-CBA4-4FA8-B7C3-B12753F5AEA2}.Release|Any CPU.ActiveCfg = Release|Any CPU
		{43599BA8-CBA4-4FA8-B7C3-B12753F5AEA2}.Release|Any CPU.Build.0 = Release|Any CPU
	EndGlobalSection
	GlobalSection(SolutionProperties) = preSolution
		HideSolutionNode = FALSE
	EndGlobalSection
EndGlobal
