
Microsoft Visual Studio Solution File, Format Version 11.00
# Visual C# Express 2010
Project("{FAE04EC0-301F-11D3-BF4B-00C04F79EFBC}") = "nd2_1", "nd2_1\nd2_1.csproj", "{A1A34122-7544-4AC8-96AA-801C60C4E59C}"
EndProject
Global
	GlobalSection(SolutionConfigurationPlatforms) = preSolution
		Debug|Any CPU = Debug|Any CPU
		Release|Any CPU = Release|Any CPU
	EndGlobalSection
	GlobalSection(ProjectConfigurationPlatforms) = postSolution
		{A1A34122-7544-4AC8-96AA-801C60C4E59C}.Debug|Any CPU.ActiveCfg = Debug|Any CPU
		{A1A34122-7544-4AC8-96AA-801C60C4E59C}.Debug|Any CPU.Build.0 = Debug|Any CPU
		{A1A34122-7544-4AC8-96AA-801C60C4E59C}.Debug|Any CPU.Deploy.0 = Debug|Any CPU
		{A1A34122-7544-4AC8-96AA-801C60C4E59C}.Release|Any CPU.ActiveCfg = Release|Any CPU
		{A1A34122-7544-4AC8-96AA-801C60C4E59C}.Release|Any CPU.Build.0 = Release|Any CPU
		{A1A34122-7544-4AC8-96AA-801C60C4E59C}.Release|Any CPU.Deploy.0 = Release|Any CPU
	EndGlobalSection
	GlobalSection(SolutionProperties) = preSolution
		HideSolutionNode = FALSE
	EndGlobalSection
EndGlobal
